
Microsoft Visual Studio Solution File, Format Version 12.00
# Visual Studio 15
VisualStudioVersion = 15.0.27703.2035
MinimumVisualStudioVersion = 10.0.40219.1
Project("{FAE04EC0-301F-11D3-BF4B-00C04F79EFBC}") = "Demo", "Demo\Demo.csproj", "{FDF8096E-AE94-4F71-B3B7-6746BA795202}"
EndProject
Global
	GlobalSection(SolutionConfigurationPlatforms) = preSolution
		Debug|Any CPU = Debug|Any CPU
		Release|Any CPU = Release|Any CPU
	EndGlobalSection
	GlobalSection(ProjectConfigurationPlatforms) = postSolution
		{FDF8096E-AE94-4F71-B3B7-6746BA795202}.Debug|Any CPU.ActiveCfg = Debug|Any CPU
		{FDF8096E-AE94-4F71-B3B7-6746BA795202}.Debug|Any CPU.Build.0 = Debug|Any CPU
		{FDF8096E-AE94-4F71-B3B7-6746BA795202}.Release|Any CPU.ActiveCfg = Release|Any CPU
		{FDF8096E-AE94-4F71-B3B7-6746BA795202}.Release|Any CPU.Build.0 = Release|Any CPU
	EndGlobalSection
	GlobalSection(SolutionProperties) = preSolution
		HideSolutionNode = FALSE
	EndGlobalSection
	GlobalSection(ExtensibilityGlobals) = postSolution
		SolutionGuid = {922B9F3B-68CE-417A-8548-A8D38922DFB0}
	EndGlobalSection
EndGlobal
